
Microsoft Visual Studio Solution File, Format Version 12.00
# Visual Studio Version 17
VisualStudioVersion = 17.12.35527.113
MinimumVisualStudioVersion = 10.0.40219.1
Project("{FAE04EC0-301F-11D3-BF4B-00C04F79EFBC}") = "Mapremiereappliconsole", "Mapremiereappliconsole\Mapremiereappliconsole.csproj", "{268EBEBA-D390-47CF-A7DE-A636F5223D65}"
EndProject
Project("{FAE04EC0-301F-11D3-BF4B-00C04F79EFBC}") = "madeuxiemeappliconsole", "madeuxiemeappliconsole\madeuxiemeappliconsole.csproj", "{EE8FD29E-59DB-4755-8339-A8D37BA37F78}"
EndProject
Project("{FAE04EC0-301F-11D3-BF4B-00C04F79EFBC}") = "Boucles", "Boucles\Boucles.csproj", "{779C599E-C5BA-441C-B534-D2A14557ED00}"
EndProject
Global
	GlobalSection(SolutionConfigurationPlatforms) = preSolution
		Debug|Any CPU = Debug|Any CPU
		Release|Any CPU = Release|Any CPU
	EndGlobalSection
	GlobalSection(ProjectConfigurationPlatforms) = postSolution
		{268EBEBA-D390-47CF-A7DE-A636F5223D65}.Debug|Any CPU.ActiveCfg = Debug|Any CPU
		{268EBEBA-D390-47CF-A7DE-A636F5223D65}.Debug|Any CPU.Build.0 = Debug|Any CPU
		{268EBEBA-D390-47CF-A7DE-A636F5223D65}.Release|Any CPU.ActiveCfg = Release|Any CPU
		{268EBEBA-D390-47CF-A7DE-A636F5223D65}.Release|Any CPU.Build.0 = Release|Any CPU
		{EE8FD29E-59DB-4755-8339-A8D37BA37F78}.Debug|Any CPU.ActiveCfg = Debug|Any CPU
		{EE8FD29E-59DB-4755-8339-A8D37BA37F78}.Debug|Any CPU.Build.0 = Debug|Any CPU
		{EE8FD29E-59DB-4755-8339-A8D37BA37F78}.Release|Any CPU.ActiveCfg = Release|Any CPU
		{EE8FD29E-59DB-4755-8339-A8D37BA37F78}.Release|Any CPU.Build.0 = Release|Any CPU
		{779C599E-C5BA-441C-B534-D2A14557ED00}.Debug|Any CPU.ActiveCfg = Debug|Any CPU
		{779C599E-C5BA-441C-B534-D2A14557ED00}.Debug|Any CPU.Build.0 = Debug|Any CPU
		{779C599E-C5BA-441C-B534-D2A14557ED00}.Release|Any CPU.ActiveCfg = Release|Any CPU
		{779C599E-C5BA-441C-B534-D2A14557ED00}.Release|Any CPU.Build.0 = Release|Any CPU
	EndGlobalSection
	GlobalSection(SolutionProperties) = preSolution
		HideSolutionNode = FALSE
	EndGlobalSection
EndGlobal
