
Microsoft Visual Studio Solution File, Format Version 12.00
# Visual Studio Version 17
VisualStudioVersion = 17.12.35527.113
MinimumVisualStudioVersion = 10.0.40219.1
Project("{FAE04EC0-301F-11D3-BF4B-00C04F79EFBC}") = "Mapremiereappliconsole", "Mapremiereappliconsole\Mapremiereappliconsole.csproj", "{268EBEBA-D390-47CF-A7DE-A636F5223D65}"
EndProject
Project("{FAE04EC0-301F-11D3-BF4B-00C04F79EFBC}") = "madeuxiemeappliconsole", "madeuxiemeappliconsole\madeuxiemeappliconsole.csproj", "{EE8FD29E-59DB-4755-8339-A8D37BA37F78}"
EndProject
Project("{FAE04EC0-301F-11D3-BF4B-00C04F79EFBC}") = "Boucles", "Boucles\Boucles.csproj", "{779C599E-C5BA-441C-B534-D2A14557ED00}"
EndProject
Project("{FAE04EC0-301F-11D3-BF4B-00C04F79EFBC}") = "Methodes", "Methodes\Methodes.csproj", "{8DDFAF55-306B-4B01-AAD7-31AA86B01473}"
EndProject
Project("{FAE04EC0-301F-11D3-BF4B-00C04F79EFBC}") = "Methode1", "Methode1\Methode1.csproj", "{83FB985A-6461-4253-A856-349D7095743D}"
EndProject
Project("{FAE04EC0-301F-11D3-BF4B-00C04F79EFBC}") = "PlusieursMethodes", "PlusieursMethodes\PlusieursMethodes.csproj", "{4323F868-8B5F-43A0-805A-3090847B669D}"
EndProject
Project("{FAE04EC0-301F-11D3-BF4B-00C04F79EFBC}") = "projetParent", "projetParent\projetParent.csproj", "{73F80662-80BC-4737-9CFF-34C6F76FB198}"
EndProject
Project("{FAE04EC0-301F-11D3-BF4B-00C04F79EFBC}") = "ProjetEnfant", "ProjetEnfant\ProjetEnfant.csproj", "{6B04472B-1571-47DB-86A2-5A049C6EEEB0}"
EndProject
Project("{FAE04EC0-301F-11D3-BF4B-00C04F79EFBC}") = "ProjetException", "ProjetException\ProjetException.csproj", "{925764B6-38E7-42E8-A969-5165C29A6446}"
EndProject
Project("{FAE04EC0-301F-11D3-BF4B-00C04F79EFBC}") = "Listes", "Listes\Listes.csproj", "{F3D6D88F-087C-49F9-89A4-C149ACA1E14E}"
EndProject
Project("{FAE04EC0-301F-11D3-BF4B-00C04F79EFBC}") = "Configuration", "Configuration\Configuration.csproj", "{09FCDE51-898A-4784-A0E7-FF19BF1E77D8}"
EndProject
Project("{FAE04EC0-301F-11D3-BF4B-00C04F79EFBC}") = "Fichiers", "Fichiers\Fichiers.csproj", "{0AEFF7AA-4686-45FD-A330-0F347B96AFE5}"
EndProject
Project("{FAE04EC0-301F-11D3-BF4B-00C04F79EFBC}") = "POO", "POO\POO.csproj", "{249CD840-725E-42C5-8BD2-282F1E2377F5}"
EndProject
Project("{FAE04EC0-301F-11D3-BF4B-00C04F79EFBC}") = "POO_Heritage", "POO_Heritage\POO_Heritage.csproj", "{D5B99D24-564C-4B7B-AE5E-E8142117D796}"
EndProject
Project("{FAE04EC0-301F-11D3-BF4B-00C04F79EFBC}") = "ExempleAbstract", "ExempleAbstract\ExempleAbstract.csproj", "{467A2329-66F4-44CC-9803-5C8DD2EC6D83}"
EndProject
Project("{FAE04EC0-301F-11D3-BF4B-00C04F79EFBC}") = "ExempleInterface", "ExempleInterface\ExempleInterface.csproj", "{939A9C44-32A0-4F30-8EA6-5B19616792FF}"
EndProject
Global
	GlobalSection(SolutionConfigurationPlatforms) = preSolution
		Debug|Any CPU = Debug|Any CPU
		Release|Any CPU = Release|Any CPU
	EndGlobalSection
	GlobalSection(ProjectConfigurationPlatforms) = postSolution
		{268EBEBA-D390-47CF-A7DE-A636F5223D65}.Debug|Any CPU.ActiveCfg = Debug|Any CPU
		{268EBEBA-D390-47CF-A7DE-A636F5223D65}.Debug|Any CPU.Build.0 = Debug|Any CPU
		{268EBEBA-D390-47CF-A7DE-A636F5223D65}.Release|Any CPU.ActiveCfg = Release|Any CPU
		{268EBEBA-D390-47CF-A7DE-A636F5223D65}.Release|Any CPU.Build.0 = Release|Any CPU
		{EE8FD29E-59DB-4755-8339-A8D37BA37F78}.Debug|Any CPU.ActiveCfg = Debug|Any CPU
		{EE8FD29E-59DB-4755-8339-A8D37BA37F78}.Debug|Any CPU.Build.0 = Debug|Any CPU
		{EE8FD29E-59DB-4755-8339-A8D37BA37F78}.Release|Any CPU.ActiveCfg = Release|Any CPU
		{EE8FD29E-59DB-4755-8339-A8D37BA37F78}.Release|Any CPU.Build.0 = Release|Any CPU
		{779C599E-C5BA-441C-B534-D2A14557ED00}.Debug|Any CPU.ActiveCfg = Debug|Any CPU
		{779C599E-C5BA-441C-B534-D2A14557ED00}.Debug|Any CPU.Build.0 = Debug|Any CPU
		{779C599E-C5BA-441C-B534-D2A14557ED00}.Release|Any CPU.ActiveCfg = Release|Any CPU
		{779C599E-C5BA-441C-B534-D2A14557ED00}.Release|Any CPU.Build.0 = Release|Any CPU
		{8DDFAF55-306B-4B01-AAD7-31AA86B01473}.Debug|Any CPU.ActiveCfg = Debug|Any CPU
		{8DDFAF55-306B-4B01-AAD7-31AA86B01473}.Debug|Any CPU.Build.0 = Debug|Any CPU
		{8DDFAF55-306B-4B01-AAD7-31AA86B01473}.Release|Any CPU.ActiveCfg = Release|Any CPU
		{8DDFAF55-306B-4B01-AAD7-31AA86B01473}.Release|Any CPU.Build.0 = Release|Any CPU
		{83FB985A-6461-4253-A856-349D7095743D}.Debug|Any CPU.ActiveCfg = Debug|Any CPU
		{83FB985A-6461-4253-A856-349D7095743D}.Debug|Any CPU.Build.0 = Debug|Any CPU
		{83FB985A-6461-4253-A856-349D7095743D}.Release|Any CPU.ActiveCfg = Release|Any CPU
		{83FB985A-6461-4253-A856-349D7095743D}.Release|Any CPU.Build.0 = Release|Any CPU
		{4323F868-8B5F-43A0-805A-3090847B669D}.Debug|Any CPU.ActiveCfg = Debug|Any CPU
		{4323F868-8B5F-43A0-805A-3090847B669D}.Debug|Any CPU.Build.0 = Debug|Any CPU
		{4323F868-8B5F-43A0-805A-3090847B669D}.Release|Any CPU.ActiveCfg = Release|Any CPU
		{4323F868-8B5F-43A0-805A-3090847B669D}.Release|Any CPU.Build.0 = Release|Any CPU
		{73F80662-80BC-4737-9CFF-34C6F76FB198}.Debug|Any CPU.ActiveCfg = Debug|Any CPU
		{73F80662-80BC-4737-9CFF-34C6F76FB198}.Debug|Any CPU.Build.0 = Debug|Any CPU
		{73F80662-80BC-4737-9CFF-34C6F76FB198}.Release|Any CPU.ActiveCfg = Release|Any CPU
		{73F80662-80BC-4737-9CFF-34C6F76FB198}.Release|Any CPU.Build.0 = Release|Any CPU
		{6B04472B-1571-47DB-86A2-5A049C6EEEB0}.Debug|Any CPU.ActiveCfg = Debug|Any CPU
		{6B04472B-1571-47DB-86A2-5A049C6EEEB0}.Debug|Any CPU.Build.0 = Debug|Any CPU
		{6B04472B-1571-47DB-86A2-5A049C6EEEB0}.Release|Any CPU.ActiveCfg = Release|Any CPU
		{6B04472B-1571-47DB-86A2-5A049C6EEEB0}.Release|Any CPU.Build.0 = Release|Any CPU
		{925764B6-38E7-42E8-A969-5165C29A6446}.Debug|Any CPU.ActiveCfg = Debug|Any CPU
		{925764B6-38E7-42E8-A969-5165C29A6446}.Debug|Any CPU.Build.0 = Debug|Any CPU
		{925764B6-38E7-42E8-A969-5165C29A6446}.Release|Any CPU.ActiveCfg = Release|Any CPU
		{925764B6-38E7-42E8-A969-5165C29A6446}.Release|Any CPU.Build.0 = Release|Any CPU
		{F3D6D88F-087C-49F9-89A4-C149ACA1E14E}.Debug|Any CPU.ActiveCfg = Debug|Any CPU
		{F3D6D88F-087C-49F9-89A4-C149ACA1E14E}.Debug|Any CPU.Build.0 = Debug|Any CPU
		{F3D6D88F-087C-49F9-89A4-C149ACA1E14E}.Release|Any CPU.ActiveCfg = Release|Any CPU
		{F3D6D88F-087C-49F9-89A4-C149ACA1E14E}.Release|Any CPU.Build.0 = Release|Any CPU
		{09FCDE51-898A-4784-A0E7-FF19BF1E77D8}.Debug|Any CPU.ActiveCfg = Debug|Any CPU
		{09FCDE51-898A-4784-A0E7-FF19BF1E77D8}.Debug|Any CPU.Build.0 = Debug|Any CPU
		{09FCDE51-898A-4784-A0E7-FF19BF1E77D8}.Release|Any CPU.ActiveCfg = Release|Any CPU
		{09FCDE51-898A-4784-A0E7-FF19BF1E77D8}.Release|Any CPU.Build.0 = Release|Any CPU
		{0AEFF7AA-4686-45FD-A330-0F347B96AFE5}.Debug|Any CPU.ActiveCfg = Debug|Any CPU
		{0AEFF7AA-4686-45FD-A330-0F347B96AFE5}.Debug|Any CPU.Build.0 = Debug|Any CPU
		{0AEFF7AA-4686-45FD-A330-0F347B96AFE5}.Release|Any CPU.ActiveCfg = Release|Any CPU
		{0AEFF7AA-4686-45FD-A330-0F347B96AFE5}.Release|Any CPU.Build.0 = Release|Any CPU
		{249CD840-725E-42C5-8BD2-282F1E2377F5}.Debug|Any CPU.ActiveCfg = Debug|Any CPU
		{249CD840-725E-42C5-8BD2-282F1E2377F5}.Debug|Any CPU.Build.0 = Debug|Any CPU
		{249CD840-725E-42C5-8BD2-282F1E2377F5}.Release|Any CPU.ActiveCfg = Release|Any CPU
		{249CD840-725E-42C5-8BD2-282F1E2377F5}.Release|Any CPU.Build.0 = Release|Any CPU
		{D5B99D24-564C-4B7B-AE5E-E8142117D796}.Debug|Any CPU.ActiveCfg = Debug|Any CPU
		{D5B99D24-564C-4B7B-AE5E-E8142117D796}.Debug|Any CPU.Build.0 = Debug|Any CPU
		{D5B99D24-564C-4B7B-AE5E-E8142117D796}.Release|Any CPU.ActiveCfg = Release|Any CPU
		{D5B99D24-564C-4B7B-AE5E-E8142117D796}.Release|Any CPU.Build.0 = Release|Any CPU
		{467A2329-66F4-44CC-9803-5C8DD2EC6D83}.Debug|Any CPU.ActiveCfg = Debug|Any CPU
		{467A2329-66F4-44CC-9803-5C8DD2EC6D83}.Debug|Any CPU.Build.0 = Debug|Any CPU
		{467A2329-66F4-44CC-9803-5C8DD2EC6D83}.Release|Any CPU.ActiveCfg = Release|Any CPU
		{467A2329-66F4-44CC-9803-5C8DD2EC6D83}.Release|Any CPU.Build.0 = Release|Any CPU
		{939A9C44-32A0-4F30-8EA6-5B19616792FF}.Debug|Any CPU.ActiveCfg = Debug|Any CPU
		{939A9C44-32A0-4F30-8EA6-5B19616792FF}.Debug|Any CPU.Build.0 = Debug|Any CPU
		{939A9C44-32A0-4F30-8EA6-5B19616792FF}.Release|Any CPU.ActiveCfg = Release|Any CPU
		{939A9C44-32A0-4F30-8EA6-5B19616792FF}.Release|Any CPU.Build.0 = Release|Any CPU
	EndGlobalSection
	GlobalSection(SolutionProperties) = preSolution
		HideSolutionNode = FALSE
	EndGlobalSection
	GlobalSection(ExtensibilityGlobals) = postSolution
		SolutionGuid = {3FF79B8A-0559-4F69-855E-46EEEC410445}
	EndGlobalSection
EndGlobal
